
Microsoft Visual Studio Solution File, Format Version 12.00
# Visual Studio 2013
VisualStudioVersion = 12.0.30324.0
MinimumVisualStudioVersion = 10.0.40219.1
Project("{FAE04EC0-301F-11D3-BF4B-00C04F79EFBC}") = "2in1.WPF", "2in1.WPF\2in1.WPF.csproj", "{AE2CB9DE-6B22-4425-BD6C-D7E907434EFA}"
EndProject
Global
	GlobalSection(SolutionConfigurationPlatforms) = preSolution
		Debug|Any CPU = Debug|Any CPU
		Release|Any CPU = Release|Any CPU
	EndGlobalSection
	GlobalSection(ProjectConfigurationPlatforms) = postSolution
		{AE2CB9DE-6B22-4425-BD6C-D7E907434EFA}.Debug|Any CPU.ActiveCfg = Debug|Any CPU
		{AE2CB9DE-6B22-4425-BD6C-D7E907434EFA}.Debug|Any CPU.Build.0 = Debug|Any CPU
		{AE2CB9DE-6B22-4425-BD6C-D7E907434EFA}.Release|Any CPU.ActiveCfg = Release|Any CPU
		{AE2CB9DE-6B22-4425-BD6C-D7E907434EFA}.Release|Any CPU.Build.0 = Release|Any CPU
	EndGlobalSection
	GlobalSection(SolutionProperties) = preSolution
		HideSolutionNode = FALSE
	EndGlobalSection
EndGlobal
